
Microsoft Visual Studio Solution File, Format Version 12.00
# Visual Studio Version 17
VisualStudioVersion = 17.7.34031.279
MinimumVisualStudioVersion = 10.0.40219.1
Project("{FAE04EC0-301F-11D3-BF4B-00C04F79EFBC}") = "Getting_user_input", "Getting_user_input.csproj", "{92EE9880-2D24-4D83-888B-C5F521BBF0B8}"
EndProject
Global
	GlobalSection(SolutionConfigurationPlatforms) = preSolution
		Debug|Any CPU = Debug|Any CPU
		Release|Any CPU = Release|Any CPU
	EndGlobalSection
	GlobalSection(ProjectConfigurationPlatforms) = postSolution
		{92EE9880-2D24-4D83-888B-C5F521BBF0B8}.Debug|Any CPU.ActiveCfg = Debug|Any CPU
		{92EE9880-2D24-4D83-888B-C5F521BBF0B8}.Debug|Any CPU.Build.0 = Debug|Any CPU
		{92EE9880-2D24-4D83-888B-C5F521BBF0B8}.Release|Any CPU.ActiveCfg = Release|Any CPU
		{92EE9880-2D24-4D83-888B-C5F521BBF0B8}.Release|Any CPU.Build.0 = Release|Any CPU
	EndGlobalSection
	GlobalSection(SolutionProperties) = preSolution
		HideSolutionNode = FALSE
	EndGlobalSection
	GlobalSection(ExtensibilityGlobals) = postSolution
		SolutionGuid = {7E221D43-CD7A-4B04-BB4A-C095DFC212F6}
	EndGlobalSection
EndGlobal
